// !$*UTF8*$!
{
	archiveVersion = 1;
	classes = {
	};
	objectVersion = 48;
	objects = {

/* Begin PBXBuildFile section */
		1850B447209292470013707A /* AppDelegate.swift in Sources */ = {isa = PBXBuildFile; fileRef = 1850B446209292470013707A /* AppDelegate.swift */; };
		1850B449209292470013707A /* ViewController.swift in Sources */ = {isa = PBXBuildFile; fileRef = 1850B448209292470013707A /* ViewController.swift */; };
		1850B44C209292470013707A /* Main.storyboard in Resources */ = {isa = PBXBuildFile; fileRef = 1850B44A209292470013707A /* Main.storyboard */; };
		1850B44E209292480013707A /* Assets.xcassets in Resources */ = {isa = PBXBuildFile; fileRef = 1850B44D209292480013707A /* Assets.xcassets */; };
		1850B451209292480013707A /* LaunchScreen.storyboard in Resources */ = {isa = PBXBuildFile; fileRef = 1850B44F209292480013707A /* LaunchScreen.storyboard */; };
		1850B45C209292480013707A /* PlanoPteTaskTests.swift in Sources */ = {isa = PBXBuildFile; fileRef = 1850B45B209292480013707A /* PlanoPteTaskTests.swift */; };
		1850B467209292480013707A /* PlanoPteTaskUITests.swift in Sources */ = {isa = PBXBuildFile; fileRef = 1850B466209292480013707A /* PlanoPteTaskUITests.swift */; };
/* End PBXBuildFile section */

/* Begin PBXContainerItemProxy section */
		1850B458209292480013707A /* PBXContainerItemProxy */ = {
			isa = PBXContainerItemProxy;
			containerPortal = 1850B43B209292470013707A /* Project object */;
			proxyType = 1;
			remoteGlobalIDString = 1850B442209292470013707A;
			remoteInfo = PlanoPteTask;
		};
		1850B463209292480013707A /* PBXContainerItemProxy */ = {
			isa = PBXContainerItemProxy;
			containerPortal = 1850B43B209292470013707A /* Project object */;
			proxyType = 1;
			remoteGlobalIDString = 1850B442209292470013707A;
			remoteInfo = PlanoPteTask;
		};
/* End PBXContainerItemProxy section */

/* Begin PBXFileReference section */
		1850B443209292470013707A /* PlanoPteTask.app */ = {isa = PBXFileReference; explicitFileType = wrapper.application; includeInIndex = 0; path = PlanoPteTask.app; sourceTree = BUILT_PRODUCTS_DIR; };
		1850B446209292470013707A /* AppDelegate.swift */ = {isa = PBXFileReference; lastKnownFileType = sourcecode.swift; path = AppDelegate.swift; sourceTree = "<group>"; };
		1850B448209292470013707A /* ViewController.swift */ = {isa = PBXFileReference; lastKnownFileType = sourcecode.swift; path = ViewController.swift; sourceTree = "<group>"; };
		1850B44B209292470013707A /* Base */ = {isa = PBXFileReference; lastKnownFileType = file.storyboard; name = Base; path = Base.lproj/Main.storyboard; sourceTree = "<group>"; };
		1850B44D209292480013707A /* Assets.xcassets */ = {isa = PBXFileReference; lastKnownFileType = folder.assetcatalog; path = Assets.xcassets; sourceTree = "<group>"; };
		1850B450209292480013707A /* Base */ = {isa = PBXFileReference; lastKnownFileType = file.storyboard; name = Base; path = Base.lproj/LaunchScreen.storyboard; sourceTree = "<group>"; };
		1850B452209292480013707A /* Info.plist */ = {isa = PBXFileReference; lastKnownFileType = text.plist.xml; path = Info.plist; sourceTree = "<group>"; };
		1850B457209292480013707A /* PlanoPteTaskTests.xctest */ = {isa = PBXFileReference; explicitFileType = wrapper.cfbundle; includeInIndex = 0; path = PlanoPteTaskTests.xctest; sourceTree = BUILT_PRODUCTS_DIR; };
		1850B45B209292480013707A /* PlanoPteTaskTests.swift */ = {isa = PBXFileReference; lastKnownFileType = sourcecode.swift; path = PlanoPteTaskTests.swift; sourceTree = "<group>"; };
		1850B45D209292480013707A /* Info.plist */ = {isa = PBXFileReference; lastKnownFileType = text.plist.xml; path = Info.plist; sourceTree = "<group>"; };
		1850B462209292480013707A /* PlanoPteTaskUITests.xctest */ = {isa = PBXFileReference; explicitFileType = wrapper.cfbundle; includeInIndex = 0; path = PlanoPteTaskUITests.xctest; sourceTree = BUILT_PRODUCTS_DIR; };
		1850B466209292480013707A /* PlanoPteTaskUITests.swift */ = {isa = PBXFileReference; lastKnownFileType = sourcecode.swift; path = PlanoPteTaskUITests.swift; sourceTree = "<group>"; };
		1850B468209292480013707A /* Info.plist */ = {isa = PBXFileReference; lastKnownFileType = text.plist.xml; path = Info.plist; sourceTree = "<group>"; };
/* End PBXFileReference section */

/* Begin PBXFrameworksBuildPhase section */
		1850B440209292470013707A /* Frameworks */ = {
			isa = PBXFrameworksBuildPhase;
			buildActionMask = 2147483647;
			files = (
			);
			runOnlyForDeploymentPostprocessing = 0;
		};
		1850B454209292480013707A /* Frameworks */ = {
			isa = PBXFrameworksBuildPhase;
			buildActionMask = 2147483647;
			files = (
			);
			runOnlyForDeploymentPostprocessing = 0;
		};
		1850B45F209292480013707A /* Frameworks */ = {
			isa = PBXFrameworksBuildPhase;
			buildActionMask = 2147483647;
			files = (
			);
			runOnlyForDeploymentPostprocessing = 0;
		};
/* End PBXFrameworksBuildPhase section */

/* Begin PBXGroup section */
		1850B43A209292470013707A = {
			isa = PBXGroup;
			children = (
				1850B445209292470013707A /* PlanoPteTask */,
				1850B45A209292480013707A /* PlanoPteTaskTests */,
				1850B465209292480013707A /* PlanoPteTaskUITests */,
				1850B444209292470013707A /* Products */,
			);
			sourceTree = "<group>";
		};
		1850B444209292470013707A /* Products */ = {
			isa = PBXGroup;
			children = (
				1850B443209292470013707A /* PlanoPteTask.app */,
				1850B457209292480013707A /* PlanoPteTaskTests.xctest */,
				1850B462209292480013707A /* PlanoPteTaskUITests.xctest */,
			);
			name = Products;
			sourceTree = "<group>";
		};
		1850B445209292470013707A /* PlanoPteTask */ = {
			isa = PBXGroup;
			children = (
				1850B446209292470013707A /* AppDelegate.swift */,
				1850B448209292470013707A /* ViewController.swift */,
				1850B44A209292470013707A /* Main.storyboard */,
				1850B44D209292480013707A /* Assets.xcassets */,
				1850B44F209292480013707A /* LaunchScreen.storyboard */,
				1850B452209292480013707A /* Info.plist */,
			);
			path = PlanoPteTask;
			sourceTree = "<group>";
		};
		1850B45A209292480013707A /* PlanoPteTaskTests */ = {
			isa = PBXGroup;
			children = (
				1850B45B209292480013707A /* PlanoPteTaskTests.swift */,
				1850B45D209292480013707A /* Info.plist */,
			);
			path = PlanoPteTaskTests;
			sourceTree = "<group>";
		};
		1850B465209292480013707A /* PlanoPteTaskUITests */ = {
			isa = PBXGroup;
			children = (
				1850B466209292480013707A /* PlanoPteTaskUITests.swift */,
				1850B468209292480013707A /* Info.plist */,
			);
			path = PlanoPteTaskUITests;
			sourceTree = "<group>";
		};
/* End PBXGroup section */

/* Begin PBXNativeTarget section */
		1850B442209292470013707A /* PlanoPteTask */ = {
			isa = PBXNativeTarget;
			buildConfigurationList = 1850B46B209292480013707A /* Build configuration list for PBXNativeTarget "PlanoPteTask" */;
			buildPhases = (
				1850B43F209292470013707A /* Sources */,
				1850B440209292470013707A /* Frameworks */,
				1850B441209292470013707A /* Resources */,
			);
			buildRules = (
			);
			dependencies = (
			);
			name = PlanoPteTask;
			productName = PlanoPteTask;
			productReference = 1850B443209292470013707A /* PlanoPteTask.app */;
			productType = "com.apple.product-type.application";
		};
		1850B456209292480013707A /* PlanoPteTaskTests */ = {
			isa = PBXNativeTarget;
			buildConfigurationList = 1850B46E209292480013707A /* Build configuration list for PBXNativeTarget "PlanoPteTaskTests" */;
			buildPhases = (
				1850B453209292480013707A /* Sources */,
				1850B454209292480013707A /* Frameworks */,
				1850B455209292480013707A /* Resources */,
			);
			buildRules = (
			);
			dependencies = (
				1850B459209292480013707A /* PBXTargetDependency */,
			);
			name = PlanoPteTaskTests;
			productName = PlanoPteTaskTests;
			productReference = 1850B457209292480013707A /* PlanoPteTaskTests.xctest */;
			productType = "com.apple.product-type.bundle.unit-test";
		};
		1850B461209292480013707A /* PlanoPteTaskUITests */ = {
			isa = PBXNativeTarget;
			buildConfigurationList = 1850B471209292480013707A /* Build configuration list for PBXNativeTarget "PlanoPteTaskUITests" */;
			buildPhases = (
				1850B45E209292480013707A /* Sources */,
				1850B45F209292480013707A /* Frameworks */,
				1850B460209292480013707A /* Resources */,
			);
			buildRules = (
			);
			dependencies = (
				1850B464209292480013707A /* PBXTargetDependency */,
			);
			name = PlanoPteTaskUITests;
			productName = PlanoPteTaskUITests;
			productReference = 1850B462209292480013707A /* PlanoPteTaskUITests.xctest */;
			productType = "com.apple.product-type.bundle.ui-testing";
		};
/* End PBXNativeTarget section */

/* Begin PBXProject section */
		1850B43B209292470013707A /* Project object */ = {
			isa = PBXProject;
			attributes = {
				LastSwiftUpdateCheck = 0910;
				LastUpgradeCheck = 0910;
				ORGANIZATIONNAME = apple;
				TargetAttributes = {
					1850B442209292470013707A = {
						CreatedOnToolsVersion = 9.1;
						ProvisioningStyle = Automatic;
					};
					1850B456209292480013707A = {
						CreatedOnToolsVersion = 9.1;
						ProvisioningStyle = Automatic;
						TestTargetID = 1850B442209292470013707A;
					};
					1850B461209292480013707A = {
						CreatedOnToolsVersion = 9.1;
						ProvisioningStyle = Automatic;
						TestTargetID = 1850B442209292470013707A;
					};
				};
			};
			buildConfigurationList = 1850B43E209292470013707A /* Build configuration list for PBXProject "PlanoPteTask" */;
			compatibilityVersion = "Xcode 8.0";
			developmentRegion = en;
			hasScannedForEncodings = 0;
			knownRegions = (
				en,
				Base,
			);
			mainGroup = 1850B43A209292470013707A;
			productRefGroup = 1850B444209292470013707A /* Products */;
			projectDirPath = "";
			projectRoot = "";
			targets = (
				1850B442209292470013707A /* PlanoPteTask */,
				1850B456209292480013707A /* PlanoPteTaskTests */,
				1850B461209292480013707A /* PlanoPteTaskUITests */,
			);
		};
/* End PBXProject section */

/* Begin PBXResourcesBuildPhase section */
		1850B441209292470013707A /* Resources */ = {
			isa = PBXResourcesBuildPhase;
			buildActionMask = 2147483647;
			files = (
				1850B451209292480013707A /* LaunchScreen.storyboard in Resources */,
				1850B44E209292480013707A /* Assets.xcassets in Resources */,
				1850B44C209292470013707A /* Main.storyboard in Resources */,
			);
			runOnlyForDeploymentPostprocessing = 0;
		};
		1850B455209292480013707A /* Resources */ = {
			isa = PBXResourcesBuildPhase;
			buildActionMask = 2147483647;
			files = (
			);
			runOnlyForDeploymentPostprocessing = 0;
		};
		1850B460209292480013707A /* Resources */ = {
			isa = PBXResourcesBuildPhase;
			buildActionMask = 2147483647;
			files = (
			);
			runOnlyForDeploymentPostprocessing = 0;
		};
/* End PBXResourcesBuildPhase section */

/* Begin PBXSourcesBuildPhase section */
		1850B43F209292470013707A /* Sources */ = {
			isa = PBXSourcesBuildPhase;
			buildActionMask = 2147483647;
			files = (
				1850B449209292470013707A /* ViewController.swift in Sources */,
				1850B447209292470013707A /* AppDelegate.swift in Sources */,
			);
			runOnlyForDeploymentPostprocessing = 0;
		};
		1850B453209292480013707A /* Sources */ = {
			isa = PBXSourcesBuildPhase;
			buildActionMask = 2147483647;
			files = (
				1850B45C209292480013707A /* PlanoPteTaskTests.swift in Sources */,
			);
			runOnlyForDeploymentPostprocessing = 0;
		};
		1850B45E209292480013707A /* Sources */ = {
			isa = PBXSourcesBuildPhase;
			buildActionMask = 2147483647;
			files = (
				1850B467209292480013707A /* PlanoPteTaskUITests.swift in Sources */,
			);
			runOnlyForDeploymentPostprocessing = 0;
		};
/* End PBXSourcesBuildPhase section */

/* Begin PBXTargetDependency section */
		1850B459209292480013707A /* PBXTargetDependency */ = {
			isa = PBXTargetDependency;
			target = 1850B442209292470013707A /* PlanoPteTask */;
			targetProxy = 1850B458209292480013707A /* PBXContainerItemProxy */;
		};
		1850B464209292480013707A /* PBXTargetDependency */ = {
			isa = PBXTargetDependency;
			target = 1850B442209292470013707A /* PlanoPteTask */;
			targetProxy = 1850B463209292480013707A /* PBXContainerItemProxy */;
		};
/* End PBXTargetDependency section */

/* Begin PBXVariantGroup section */
		1850B44A209292470013707A /* Main.storyboard */ = {
			isa = PBXVariantGroup;
			children = (
				1850B44B209292470013707A /* Base */,
			);
			name = Main.storyboard;
			sourceTree = "<group>";
		};
		1850B44F209292480013707A /* LaunchScreen.storyboard */ = {
			isa = PBXVariantGroup;
			children = (
				1850B450209292480013707A /* Base */,
			);
			name = LaunchScreen.storyboard;
			sourceTree = "<group>";
		};
/* End PBXVariantGroup section */

/* Begin XCBuildConfiguration section */
		1850B469209292480013707A /* Debug */ = {
			isa = XCBuildConfiguration;
			buildSettings = {
				ALWAYS_SEARCH_USER_PATHS = NO;
				CLANG_ANALYZER_NONNULL = YES;
				CLANG_ANALYZER_NUMBER_OBJECT_CONVERSION = YES_AGGRESSIVE;
				CLANG_CXX_LANGUAGE_STANDARD = "gnu++14";
				CLANG_CXX_LIBRARY = "libc++";
				CLANG_ENABLE_MODULES = YES;
				CLANG_ENABLE_OBJC_ARC = YES;
				CLANG_WARN_BLOCK_CAPTURE_AUTORELEASING = YES;
				CLANG_WARN_BOOL_CONVERSION = YES;
				CLANG_WARN_COMMA = YES;
				CLANG_WARN_CONSTANT_CONVERSION = YES;
				CLANG_WARN_DIRECT_OBJC_ISA_USAGE = YES_ERROR;
				CLANG_WARN_DOCUMENTATION_COMMENTS = YES;
				CLANG_WARN_EMPTY_BODY = YES;
				CLANG_WARN_ENUM_CONVERSION = YES;
				CLANG_WARN_INFINITE_RECURSION = YES;
				CLANG_WARN_INT_CONVERSION = YES;
				CLANG_WARN_NON_LITERAL_NULL_CONVERSION = YES;
				CLANG_WARN_OBJC_LITERAL_CONVERSION = YES;
				CLANG_WARN_OBJC_ROOT_CLASS = YES_ERROR;
				CLANG_WARN_RANGE_LOOP_ANALYSIS = YES;
				CLANG_WARN_STRICT_PROTOTYPES = YES;
				CLANG_WARN_SUSPICIOUS_MOVE = YES;
				CLANG_WARN_UNGUARDED_AVAILABILITY = YES_AGGRESSIVE;
				CLANG_WARN_UNREACHABLE_CODE = YES;
				CLANG_WARN__DUPLICATE_METHOD_MATCH = YES;
				CODE_SIGN_IDENTITY = "iPhone Developer";
				COPY_PHASE_STRIP = NO;
				DEBUG_INFORMATION_FORMAT = dwarf;
				ENABLE_STRICT_OBJC_MSGSEND = YES;
				ENABLE_TESTABILITY = YES;
				GCC_C_LANGUAGE_STANDARD = gnu11;
				GCC_DYNAMIC_NO_PIC = NO;
				GCC_NO_COMMON_BLOCKS = YES;
				GCC_OPTIMIZATION_LEVEL = 0;
				GCC_PREPROCESSOR_DEFINITIONS = (
					"DEBUG=1",
					"$(inherited)",
				);
				GCC_WARN_64_TO_32_BIT_CONVERSION = YES;
				GCC_WARN_ABOUT_RETURN_TYPE = YES_ERROR;
				GCC_WARN_UNDECLARED_SELECTOR = YES;
				GCC_WARN_UNINITIALIZED_AUTOS = YES_AGGRESSIVE;
				GCC_WARN_UNUSED_FUNCTION = YES;
				GCC_WARN_UNUSED_VARIABLE = YES;
				IPHONEOS_DEPLOYMENT_TARGET = 11.1;
				MTL_ENABLE_DEBUG_INFO = YES;
				ONLY_ACTIVE_ARCH = YES;
				SDKROOT = iphoneos;
				SWIFT_ACTIVE_COMPILATION_CONDITIONS = DEBUG;
				SWIFT_OPTIMIZATION_LEVEL = "-Onone";
			};
			name = Debug;
		};
		1850B46A209292480013707A /* Release */ = {
			isa = XCBuildConfiguration;
			buildSettings = {
				ALWAYS_SEARCH_USER_PATHS = NO;
				CLANG_ANALYZER_NONNULL = YES;
				CLANG_ANALYZER_NUMBER_OBJECT_CONVERSION = YES_AGGRESSIVE;
				CLANG_CXX_LANGUAGE_STANDARD = "gnu++14";
				CLANG_CXX_LIBRARY = "libc++";
				CLANG_ENABLE_MODULES = YES;
				CLANG_ENABLE_OBJC_ARC = YES;
				CLANG_WARN_BLOCK_CAPTURE_AUTORELEASING = YES;
				CLANG_WARN_BOOL_CONVERSION = YES;
				CLANG_WARN_COMMA = YES;
				CLANG_WARN_CONSTANT_CONVERSION = YES;
				CLANG_WARN_DIRECT_OBJC_ISA_USAGE = YES_ERROR;
				CLANG_WARN_DOCUMENTATION_COMMENTS = YES;
				CLANG_WARN_EMPTY_BODY = YES;
				CLANG_WARN_ENUM_CONVERSION = YES;
				CLANG_WARN_INFINITE_RECURSION = YES;
				CLANG_WARN_INT_CONVERSION = YES;
				CLANG_WARN_NON_LITERAL_NULL_CONVERSION = YES;
				CLANG_WARN_OBJC_LITERAL_CONVERSION = YES;
				CLANG_WARN_OBJC_ROOT_CLASS = YES_ERROR;
				CLANG_WARN_RANGE_LOOP_ANALYSIS = YES;
				CLANG_WARN_STRICT_PROTOTYPES = YES;
				CLANG_WARN_SUSPICIOUS_MOVE = YES;
				CLANG_WARN_UNGUARDED_AVAILABILITY = YES_AGGRESSIVE;
				CLANG_WARN_UNREACHABLE_CODE = YES;
				CLANG_WARN__DUPLICATE_METHOD_MATCH = YES;
				CODE_SIGN_IDENTITY = "iPhone Developer";
				COPY_PHASE_STRIP = NO;
				DEBUG_INFORMATION_FORMAT = "dwarf-with-dsym";
				ENABLE_NS_ASSERTIONS = NO;
				ENABLE_STRICT_OBJC_MSGSEND = YES;
				GCC_C_LANGUAGE_STANDARD = gnu11;
				GCC_NO_COMMON_BLOCKS = YES;
				GCC_WARN_64_TO_32_BIT_CONVERSION = YES;
				GCC_WARN_ABOUT_RETURN_TYPE = YES_ERROR;
				GCC_WARN_UNDECLARED_SELECTOR = YES;
				GCC_WARN_UNINITIALIZED_AUTOS = YES_AGGRESSIVE;
				GCC_WARN_UNUSED_FUNCTION = YES;
				GCC_WARN_UNUSED_VARIABLE = YES;
				IPHONEOS_DEPLOYMENT_TARGET = 11.1;
				MTL_ENABLE_DEBUG_INFO = NO;
				SDKROOT = iphoneos;
				SWIFT_OPTIMIZATION_LEVEL = "-Owholemodule";
				VALIDATE_PRODUCT = YES;
			};
			name = Release;
		};
		1850B46C209292480013707A /* Debug */ = {
			isa = XCBuildConfiguration;
			buildSettings = {
				ASSETCATALOG_COMPILER_APPICON_NAME = AppIcon;
				CODE_SIGN_STYLE = Automatic;
				DEVELOPMENT_TEAM = 4KXH6E8SFF;
				INFOPLIST_FILE = PlanoPteTask/Info.plist;
				LD_RUNPATH_SEARCH_PATHS = "$(inherited) @executable_path/Frameworks";
				PRODUCT_BUNDLE_IDENTIFIER = hitesh.PlanoPteTask;
				PRODUCT_NAME = "$(TARGET_NAME)";
				SWIFT_VERSION = 4.0;
				TARGETED_DEVICE_FAMILY = "1,2";
			};
			name = Debug;
		};
		1850B46D209292480013707A /* Release */ = {
			isa = XCBuildConfiguration;
			buildSettings = {
				ASSETCATALOG_COMPILER_APPICON_NAME = AppIcon;
				CODE_SIGN_STYLE = Automatic;
				DEVELOPMENT_TEAM = 4KXH6E8SFF;
				INFOPLIST_FILE = PlanoPteTask/Info.plist;
				LD_RUNPATH_SEARCH_PATHS = "$(inherited) @executable_path/Frameworks";
				PRODUCT_BUNDLE_IDENTIFIER = hitesh.PlanoPteTask;
				PRODUCT_NAME = "$(TARGET_NAME)";
				SWIFT_VERSION = 4.0;
				TARGETED_DEVICE_FAMILY = "1,2";
			};
			name = Release;
		};
		1850B46F209292480013707A /* Debug */ = {
			isa = XCBuildConfiguration;
			buildSettings = {
				ALWAYS_EMBED_SWIFT_STANDARD_LIBRARIES = YES;
				BUNDLE_LOADER = "$(TEST_HOST)";
				CODE_SIGN_STYLE = Automatic;
				DEVELOPMENT_TEAM = 4KXH6E8SFF;
				INFOPLIST_FILE = PlanoPteTaskTests/Info.plist;
				LD_RUNPATH_SEARCH_PATHS = "$(inherited) @executable_path/Frameworks @loader_path/Frameworks";
				PRODUCT_BUNDLE_IDENTIFIER = hitesh.PlanoPteTaskTests;
				PRODUCT_NAME = "$(TARGET_NAME)";
				SWIFT_VERSION = 4.0;
				TARGETED_DEVICE_FAMILY = "1,2";
				TEST_HOST = "$(BUILT_PRODUCTS_DIR)/PlanoPteTask.app/PlanoPteTask";
			};
			name = Debug;
		};
		1850B470209292480013707A /* Release */ = {
			isa = XCBuildConfiguration;
			buildSettings = {
				ALWAYS_EMBED_SWIFT_STANDARD_LIBRARIES = YES;
				BUNDLE_LOADER = "$(TEST_HOST)";
				CODE_SIGN_STYLE = Automatic;
				DEVELOPMENT_TEAM = 4KXH6E8SFF;
				INFOPLIST_FILE = PlanoPteTaskTests/Info.plist;
				LD_RUNPATH_SEARCH_PATHS = "$(inherited) @executable_path/Frameworks @loader_path/Frameworks";
				PRODUCT_BUNDLE_IDENTIFIER = hitesh.PlanoPteTaskTests;
				PRODUCT_NAME = "$(TARGET_NAME)";
				SWIFT_VERSION = 4.0;
				TARGETED_DEVICE_FAMILY = "1,2";
				TEST_HOST = "$(BUILT_PRODUCTS_DIR)/PlanoPteTask.app/PlanoPteTask";
			};
			name = Release;
		};
		1850B472209292480013707A /* Debug */ = {
			isa = XCBuildConfiguration;
			buildSettings = {
				ALWAYS_EMBED_SWIFT_STANDARD_LIBRARIES = YES;
				CODE_SIGN_STYLE = Automatic;
				DEVELOPMENT_TEAM = 4KXH6E8SFF;
				INFOPLIST_FILE = PlanoPteTaskUITests/Info.plist;
				LD_RUNPATH_SEARCH_PATHS = "$(inherited) @executable_path/Frameworks @loader_path/Frameworks";
				PRODUCT_BUNDLE_IDENTIFIER = hitesh.PlanoPteTaskUITests;
				PRODUCT_NAME = "$(TARGET_NAME)";
				SWIFT_VERSION = 4.0;
				TARGETED_DEVICE_FAMILY = "1,2";
				TEST_TARGET_NAME = PlanoPteTask;
			};
			name = Debug;
		};
		1850B473209292480013707A /* Release */ = {
			isa = XCBuildConfiguration;
			buildSettings = {
				ALWAYS_EMBED_SWIFT_STANDARD_LIBRARIES = YES;
				CODE_SIGN_STYLE = Automatic;
				DEVELOPMENT_TEAM = 4KXH6E8SFF;
				INFOPLIST_FILE = PlanoPteTaskUITests/Info.plist;
				LD_RUNPATH_SEARCH_PATHS = "$(inherited) @executable_path/Frameworks @loader_path/Frameworks";
				PRODUCT_BUNDLE_IDENTIFIER = hitesh.PlanoPteTaskUITests;
				PRODUCT_NAME = "$(TARGET_NAME)";
				SWIFT_VERSION = 4.0;
				TARGETED_DEVICE_FAMILY = "1,2";
				TEST_TARGET_NAME = PlanoPteTask;
			};
			name = Release;
		};
/* End XCBuildConfiguration section */

/* Begin XCConfigurationList section */
		1850B43E209292470013707A /* Build configuration list for PBXProject "PlanoPteTask" */ = {
			isa = XCConfigurationList;
			buildConfigurations = (
				1850B469209292480013707A /* Debug */,
				1850B46A209292480013707A /* Release */,
			);
			defaultConfigurationIsVisible = 0;
			defaultConfigurationName = Release;
		};
		1850B46B209292480013707A /* Build configuration list for PBXNativeTarget "PlanoPteTask" */ = {
			isa = XCConfigurationList;
			buildConfigurations = (
				1850B46C209292480013707A /* Debug */,
				1850B46D209292480013707A /* Release */,
			);
			defaultConfigurationIsVisible = 0;
			defaultConfigurationName = Release;
		};
		1850B46E209292480013707A /* Build configuration list for PBXNativeTarget "PlanoPteTaskTests" */ = {
			isa = XCConfigurationList;
			buildConfigurations = (
				1850B46F209292480013707A /* Debug */,
				1850B470209292480013707A /* Release */,
			);
			defaultConfigurationIsVisible = 0;
			defaultConfigurationName = Release;
		};
		1850B471209292480013707A /* Build configuration list for PBXNativeTarget "PlanoPteTaskUITests" */ = {
			isa = XCConfigurationList;
			buildConfigurations = (
				1850B472209292480013707A /* Debug */,
				1850B473209292480013707A /* Release */,
			);
			defaultConfigurationIsVisible = 0;
			defaultConfigurationName = Release;
		};
/* End XCConfigurationList section */
	};
	rootObject = 1850B43B209292470013707A /* Project object */;
}
